
Microsoft Visual Studio Solution File, Format Version 12.00
# Visual Studio Version 17
VisualStudioVersion = 17.5.002.0
MinimumVisualStudioVersion = 10.0.40219.1
Project("{2150E333-8FDC-42A3-9474-1A3956D46DE8}") = "ch9_binary_trees", "ch9_binary_trees", "{8DFF2C01-EB96-4212-9CF7-7B997AAF09BB}"
EndProject
Project("{9A19103F-16F7-4668-BE54-9A1E7A4F7556}") = "binary_tree", "ch9_binary_trees\binary_tree\binary_tree.csproj", "{BB5CEE52-593B-461F-98F8-E7585DF56B5A}"
EndProject
Global
	GlobalSection(SolutionConfigurationPlatforms) = preSolution
		Debug|Any CPU = Debug|Any CPU
		Release|Any CPU = Release|Any CPU
	EndGlobalSection
	GlobalSection(ProjectConfigurationPlatforms) = postSolution
		{BB5CEE52-593B-461F-98F8-E7585DF56B5A}.Debug|Any CPU.ActiveCfg = Debug|Any CPU
		{BB5CEE52-593B-461F-98F8-E7585DF56B5A}.Debug|Any CPU.Build.0 = Debug|Any CPU
		{BB5CEE52-593B-461F-98F8-E7585DF56B5A}.Release|Any CPU.ActiveCfg = Release|Any CPU
		{BB5CEE52-593B-461F-98F8-E7585DF56B5A}.Release|Any CPU.Build.0 = Release|Any CPU
	EndGlobalSection
	GlobalSection(SolutionProperties) = preSolution
		HideSolutionNode = FALSE
	EndGlobalSection
	GlobalSection(NestedProjects) = preSolution
		{BB5CEE52-593B-461F-98F8-E7585DF56B5A} = {8DFF2C01-EB96-4212-9CF7-7B997AAF09BB}
	EndGlobalSection
	GlobalSection(ExtensibilityGlobals) = postSolution
		SolutionGuid = {0F76439F-BF9F-4DFD-8CD1-0F3B73D6ED63}
	EndGlobalSection
EndGlobal
